// !$*UTF8*$!
{
	archiveVersion = 1;
	classes = {
	};
	objectVersion = 48;
	objects = {

/* Begin PBXBuildFile section */
		0C126B2E20F5998F005E734B /* AVFoundation.framework in Frameworks */ = {isa = PBXBuildFile; fileRef = 0C126B2D20F5998F005E734B /* AVFoundation.framework */; };
		0C126B3320F5D384005E734B /* LocationViewController.m in Sources */ = {isa = PBXBuildFile; fileRef = 0C126B3220F5D384005E734B /* LocationViewController.m */; };
		0C126B3520F5D6C8005E734B /* CoreLocation.framework in Frameworks */ = {isa = PBXBuildFile; fileRef = 0C126B3420F5D6C8005E734B /* CoreLocation.framework */; };
		0C126B3920F5F03D005E734B /* NoticeViewController.m in Sources */ = {isa = PBXBuildFile; fileRef = 0C126B3820F5F03D005E734B /* NoticeViewController.m */; };
		0C126B3C20F5F568005E734B /* AddressBookViewController.m in Sources */ = {isa = PBXBuildFile; fileRef = 0C126B3B20F5F568005E734B /* AddressBookViewController.m */; };
		0C126B3E20F5F65A005E734B /* AddressBook.framework in Frameworks */ = {isa = PBXBuildFile; fileRef = 0C126B3D20F5F65A005E734B /* AddressBook.framework */; };
		0C153FB120F7399900E61475 /* HealthViewController.m in Sources */ = {isa = PBXBuildFile; fileRef = 0C153FB020F7399900E61475 /* HealthViewController.m */; };
		0C153FB420F739B700E61475 /* BluethoothViewController.m in Sources */ = {isa = PBXBuildFile; fileRef = 0C153FB320F739B700E61475 /* BluethoothViewController.m */; };
		0C153FBB20F7407500E61475 /* CoreBluetooth.framework in Frameworks */ = {isa = PBXBuildFile; fileRef = 0C153FBA20F7407500E61475 /* CoreBluetooth.framework */; };
		0C160B1A20F44308001AEADF /* AppDelegate.m in Sources */ = {isa = PBXBuildFile; fileRef = 0C160B1920F44308001AEADF /* AppDelegate.m */; };
		0C160B2020F44309001AEADF /* Main.storyboard in Resources */ = {isa = PBXBuildFile; fileRef = 0C160B1E20F44309001AEADF /* Main.storyboard */; };
		0C160B2220F44309001AEADF /* Assets.xcassets in Resources */ = {isa = PBXBuildFile; fileRef = 0C160B2120F44309001AEADF /* Assets.xcassets */; };
		0C160B2520F44309001AEADF /* LaunchScreen.storyboard in Resources */ = {isa = PBXBuildFile; fileRef = 0C160B2320F44309001AEADF /* LaunchScreen.storyboard */; };
		0C160B2820F4430A001AEADF /* main.m in Sources */ = {isa = PBXBuildFile; fileRef = 0C160B2720F4430A001AEADF /* main.m */; };
		0C160B3020F443A8001AEADF /* TableViewController.m in Sources */ = {isa = PBXBuildFile; fileRef = 0C160B2F20F443A7001AEADF /* TableViewController.m */; };
		0C160B3920F45ADB001AEADF /* NetAuthorityViewController.m in Sources */ = {isa = PBXBuildFile; fileRef = 0C160B3820F45ADB001AEADF /* NetAuthorityViewController.m */; };
		0C160B3D20F47F23001AEADF /* PhotoViewController.m in Sources */ = {isa = PBXBuildFile; fileRef = 0C160B3C20F47F23001AEADF /* PhotoViewController.m */; };
		0C981E1520F5057800E06180 /* CameraAndMicrophoneViewController.m in Sources */ = {isa = PBXBuildFile; fileRef = 0C981E1420F5057800E06180 /* CameraAndMicrophoneViewController.m */; };
		0CF1292F20FC83480044F884 /* GradientImage.m in Sources */ = {isa = PBXBuildFile; fileRef = 0CF1292E20FC83480044F884 /* GradientImage.m */; };
/* End PBXBuildFile section */

/* Begin PBXFileReference section */
		0C126B2D20F5998F005E734B /* AVFoundation.framework */ = {isa = PBXFileReference; lastKnownFileType = wrapper.framework; name = AVFoundation.framework; path = System/Library/Frameworks/AVFoundation.framework; sourceTree = SDKROOT; };
		0C126B3120F5D384005E734B /* LocationViewController.h */ = {isa = PBXFileReference; lastKnownFileType = sourcecode.c.h; path = LocationViewController.h; sourceTree = "<group>"; };
		0C126B3220F5D384005E734B /* LocationViewController.m */ = {isa = PBXFileReference; lastKnownFileType = sourcecode.c.objc; path = LocationViewController.m; sourceTree = "<group>"; };
		0C126B3420F5D6C8005E734B /* CoreLocation.framework */ = {isa = PBXFileReference; lastKnownFileType = wrapper.framework; name = CoreLocation.framework; path = System/Library/Frameworks/CoreLocation.framework; sourceTree = SDKROOT; };
		0C126B3720F5F03D005E734B /* NoticeViewController.h */ = {isa = PBXFileReference; lastKnownFileType = sourcecode.c.h; path = NoticeViewController.h; sourceTree = "<group>"; };
		0C126B3820F5F03D005E734B /* NoticeViewController.m */ = {isa = PBXFileReference; lastKnownFileType = sourcecode.c.objc; path = NoticeViewController.m; sourceTree = "<group>"; };
		0C126B3A20F5F568005E734B /* AddressBookViewController.h */ = {isa = PBXFileReference; lastKnownFileType = sourcecode.c.h; path = AddressBookViewController.h; sourceTree = "<group>"; };
		0C126B3B20F5F568005E734B /* AddressBookViewController.m */ = {isa = PBXFileReference; lastKnownFileType = sourcecode.c.objc; path = AddressBookViewController.m; sourceTree = "<group>"; };
		0C126B3D20F5F65A005E734B /* AddressBook.framework */ = {isa = PBXFileReference; lastKnownFileType = wrapper.framework; name = AddressBook.framework; path = System/Library/Frameworks/AddressBook.framework; sourceTree = SDKROOT; };
		0C153FAF20F7399900E61475 /* HealthViewController.h */ = {isa = PBXFileReference; lastKnownFileType = sourcecode.c.h; path = HealthViewController.h; sourceTree = "<group>"; };
		0C153FB020F7399900E61475 /* HealthViewController.m */ = {isa = PBXFileReference; lastKnownFileType = sourcecode.c.objc; path = HealthViewController.m; sourceTree = "<group>"; };
		0C153FB220F739B700E61475 /* BluethoothViewController.h */ = {isa = PBXFileReference; lastKnownFileType = sourcecode.c.h; path = BluethoothViewController.h; sourceTree = "<group>"; };
		0C153FB320F739B700E61475 /* BluethoothViewController.m */ = {isa = PBXFileReference; lastKnownFileType = sourcecode.c.objc; path = BluethoothViewController.m; sourceTree = "<group>"; };
		0C153FB720F73FE700E61475 /* iOSAuthority.entitlements */ = {isa = PBXFileReference; lastKnownFileType = text.plist.entitlements; path = iOSAuthority.entitlements; sourceTree = "<group>"; };
		0C153FBA20F7407500E61475 /* CoreBluetooth.framework */ = {isa = PBXFileReference; lastKnownFileType = wrapper.framework; name = CoreBluetooth.framework; path = System/Library/Frameworks/CoreBluetooth.framework; sourceTree = SDKROOT; };
		0C160B1520F44308001AEADF /* iOSAuthority.app */ = {isa = PBXFileReference; explicitFileType = wrapper.application; includeInIndex = 0; path = iOSAuthority.app; sourceTree = BUILT_PRODUCTS_DIR; };
		0C160B1820F44308001AEADF /* AppDelegate.h */ = {isa = PBXFileReference; lastKnownFileType = sourcecode.c.h; path = AppDelegate.h; sourceTree = "<group>"; };
		0C160B1920F44308001AEADF /* AppDelegate.m */ = {isa = PBXFileReference; lastKnownFileType = sourcecode.c.objc; path = AppDelegate.m; sourceTree = "<group>"; };
		0C160B1F20F44309001AEADF /* Base */ = {isa = PBXFileReference; lastKnownFileType = file.storyboard; name = Base; path = Base.lproj/Main.storyboard; sourceTree = "<group>"; };
		0C160B2120F44309001AEADF /* Assets.xcassets */ = {isa = PBXFileReference; lastKnownFileType = folder.assetcatalog; path = Assets.xcassets; sourceTree = "<group>"; };
		0C160B2420F44309001AEADF /* Base */ = {isa = PBXFileReference; lastKnownFileType = file.storyboard; name = Base; path = Base.lproj/LaunchScreen.storyboard; sourceTree = "<group>"; };
		0C160B2620F44309001AEADF /* Info.plist */ = {isa = PBXFileReference; lastKnownFileType = text.plist.xml; path = Info.plist; sourceTree = "<group>"; };
		0C160B2720F4430A001AEADF /* main.m */ = {isa = PBXFileReference; lastKnownFileType = sourcecode.c.objc; path = main.m; sourceTree = "<group>"; };
		0C160B2E20F443A7001AEADF /* TableViewController.h */ = {isa = PBXFileReference; lastKnownFileType = sourcecode.c.h; path = TableViewController.h; sourceTree = "<group>"; };
		0C160B2F20F443A7001AEADF /* TableViewController.m */ = {isa = PBXFileReference; lastKnownFileType = sourcecode.c.objc; path = TableViewController.m; sourceTree = "<group>"; };
		0C160B3520F4513E001AEADF /* Define.h */ = {isa = PBXFileReference; lastKnownFileType = sourcecode.c.h; path = Define.h; sourceTree = "<group>"; };
		0C160B3620F45161001AEADF /* Config.pch */ = {isa = PBXFileReference; lastKnownFileType = sourcecode.c.h; path = Config.pch; sourceTree = "<group>"; };
		0C160B3720F45ADB001AEADF /* NetAuthorityViewController.h */ = {isa = PBXFileReference; lastKnownFileType = sourcecode.c.h; path = NetAuthorityViewController.h; sourceTree = "<group>"; };
		0C160B3820F45ADB001AEADF /* NetAuthorityViewController.m */ = {isa = PBXFileReference; lastKnownFileType = sourcecode.c.objc; path = NetAuthorityViewController.m; sourceTree = "<group>"; };
		0C160B3B20F47F23001AEADF /* PhotoViewController.h */ = {isa = PBXFileReference; lastKnownFileType = sourcecode.c.h; path = PhotoViewController.h; sourceTree = "<group>"; };
		0C160B3C20F47F23001AEADF /* PhotoViewController.m */ = {isa = PBXFileReference; lastKnownFileType = sourcecode.c.objc; path = PhotoViewController.m; sourceTree = "<group>"; };
		0C981E1320F5057800E06180 /* CameraAndMicrophoneViewController.h */ = {isa = PBXFileReference; lastKnownFileType = sourcecode.c.h; path = CameraAndMicrophoneViewController.h; sourceTree = "<group>"; };
		0C981E1420F5057800E06180 /* CameraAndMicrophoneViewController.m */ = {isa = PBXFileReference; lastKnownFileType = sourcecode.c.objc; path = CameraAndMicrophoneViewController.m; sourceTree = "<group>"; };
		0CF1292D20FC83480044F884 /* GradientImage.h */ = {isa = PBXFileReference; fileEncoding = 4; lastKnownFileType = sourcecode.c.h; path = GradientImage.h; sourceTree = "<group>"; };
		0CF1292E20FC83480044F884 /* GradientImage.m */ = {isa = PBXFileReference; fileEncoding = 4; lastKnownFileType = sourcecode.c.objc; path = GradientImage.m; sourceTree = "<group>"; };
/* End PBXFileReference section */

/* Begin PBXFrameworksBuildPhase section */
		0C160B1220F44308001AEADF /* Frameworks */ = {
			isa = PBXFrameworksBuildPhase;
			buildActionMask = 2147483647;
			files = (
				0C153FBB20F7407500E61475 /* CoreBluetooth.framework in Frameworks */,
				0C126B3E20F5F65A005E734B /* AddressBook.framework in Frameworks */,
				0C126B3520F5D6C8005E734B /* CoreLocation.framework in Frameworks */,
				0C126B2E20F5998F005E734B /* AVFoundation.framework in Frameworks */,
			);
			runOnlyForDeploymentPostprocessing = 0;
		};
/* End PBXFrameworksBuildPhase section */

/* Begin PBXGroup section */
		0C126B2C20F5998F005E734B /* Frameworks */ = {
			isa = PBXGroup;
			children = (
				0C153FBA20F7407500E61475 /* CoreBluetooth.framework */,
				0C126B3D20F5F65A005E734B /* AddressBook.framework */,
				0C126B3420F5D6C8005E734B /* CoreLocation.framework */,
				0C126B2D20F5998F005E734B /* AVFoundation.framework */,
			);
			name = Frameworks;
			sourceTree = "<group>";
		};
		0C160B0C20F44308001AEADF = {
			isa = PBXGroup;
			children = (
				0C160B1720F44308001AEADF /* iOSAuthority */,
				0C160B1620F44308001AEADF /* Products */,
				0C126B2C20F5998F005E734B /* Frameworks */,
			);
			sourceTree = "<group>";
		};
		0C160B1620F44308001AEADF /* Products */ = {
			isa = PBXGroup;
			children = (
				0C160B1520F44308001AEADF /* iOSAuthority.app */,
			);
			name = Products;
			sourceTree = "<group>";
		};
		0C160B1720F44308001AEADF /* iOSAuthority */ = {
			isa = PBXGroup;
			children = (
				0CF1292C20FC83480044F884 /* GradientImage */,
				0C153FB720F73FE700E61475 /* iOSAuthority.entitlements */,
				0C160B1820F44308001AEADF /* AppDelegate.h */,
				0C160B1920F44308001AEADF /* AppDelegate.m */,
				0C160B2E20F443A7001AEADF /* TableViewController.h */,
				0C160B2F20F443A7001AEADF /* TableViewController.m */,
				0C160B3720F45ADB001AEADF /* NetAuthorityViewController.h */,
				0C160B3820F45ADB001AEADF /* NetAuthorityViewController.m */,
				0C160B3B20F47F23001AEADF /* PhotoViewController.h */,
				0C160B3C20F47F23001AEADF /* PhotoViewController.m */,
				0C981E1320F5057800E06180 /* CameraAndMicrophoneViewController.h */,
				0C981E1420F5057800E06180 /* CameraAndMicrophoneViewController.m */,
				0C126B3120F5D384005E734B /* LocationViewController.h */,
				0C126B3220F5D384005E734B /* LocationViewController.m */,
				0C126B3720F5F03D005E734B /* NoticeViewController.h */,
				0C126B3820F5F03D005E734B /* NoticeViewController.m */,
				0C126B3A20F5F568005E734B /* AddressBookViewController.h */,
				0C126B3B20F5F568005E734B /* AddressBookViewController.m */,
				0C153FAF20F7399900E61475 /* HealthViewController.h */,
				0C153FB020F7399900E61475 /* HealthViewController.m */,
				0C153FB220F739B700E61475 /* BluethoothViewController.h */,
				0C153FB320F739B700E61475 /* BluethoothViewController.m */,
				0C160B1E20F44309001AEADF /* Main.storyboard */,
				0C160B3320F45023001AEADF /* Main */,
			);
			path = iOSAuthority;
			sourceTree = "<group>";
		};
		0C160B3320F45023001AEADF /* Main */ = {
			isa = PBXGroup;
			children = (
				0C160B2120F44309001AEADF /* Assets.xcassets */,
				0C160B2320F44309001AEADF /* LaunchScreen.storyboard */,
				0C160B2620F44309001AEADF /* Info.plist */,
				0C160B2720F4430A001AEADF /* main.m */,
				0C160B3520F4513E001AEADF /* Define.h */,
				0C160B3620F45161001AEADF /* Config.pch */,
			);
			path = Main;
			sourceTree = "<group>";
		};
		0CF1292C20FC83480044F884 /* GradientImage */ = {
			isa = PBXGroup;
			children = (
				0CF1292D20FC83480044F884 /* GradientImage.h */,
				0CF1292E20FC83480044F884 /* GradientImage.m */,
			);
			path = GradientImage;
			sourceTree = "<group>";
		};
/* End PBXGroup section */

/* Begin PBXNativeTarget section */
		0C160B1420F44308001AEADF /* iOSAuthority */ = {
			isa = PBXNativeTarget;
			buildConfigurationList = 0C160B2B20F4430A001AEADF /* Build configuration list for PBXNativeTarget "iOSAuthority" */;
			buildPhases = (
				0C160B1120F44308001AEADF /* Sources */,
				0C160B1220F44308001AEADF /* Frameworks */,
				0C160B1320F44308001AEADF /* Resources */,
			);
			buildRules = (
			);
			dependencies = (
			);
			name = iOSAuthority;
			productName = iOSAuthority;
			productReference = 0C160B1520F44308001AEADF /* iOSAuthority.app */;
			productType = "com.apple.product-type.application";
		};
/* End PBXNativeTarget section */

/* Begin PBXProject section */
		0C160B0D20F44308001AEADF /* Project object */ = {
			isa = PBXProject;
			attributes = {
				LastUpgradeCheck = 0920;
				ORGANIZATIONNAME = zhaoyang;
				TargetAttributes = {
					0C160B1420F44308001AEADF = {
						CreatedOnToolsVersion = 9.2;
						ProvisioningStyle = Manual;
						SystemCapabilities = {
							com.apple.BackgroundModes = {
								enabled = 1;
							};
							com.apple.HealthKit = {
								enabled = 0;
							};
						};
					};
				};
			};
			buildConfigurationList = 0C160B1020F44308001AEADF /* Build configuration list for PBXProject "iOSAuthority" */;
			compatibilityVersion = "Xcode 8.0";
			developmentRegion = en;
			hasScannedForEncodings = 0;
			knownRegions = (
				en,
				Base,
			);
			mainGroup = 0C160B0C20F44308001AEADF;
			productRefGroup = 0C160B1620F44308001AEADF /* Products */;
			projectDirPath = "";
			projectRoot = "";
			targets = (
				0C160B1420F44308001AEADF /* iOSAuthority */,
			);
		};
/* End PBXProject section */

/* Begin PBXResourcesBuildPhase section */
		0C160B1320F44308001AEADF /* Resources */ = {
			isa = PBXResourcesBuildPhase;
			buildActionMask = 2147483647;
			files = (
				0C160B2520F44309001AEADF /* LaunchScreen.storyboard in Resources */,
				0C160B2220F44309001AEADF /* Assets.xcassets in Resources */,
				0C160B2020F44309001AEADF /* Main.storyboard in Resources */,
			);
			runOnlyForDeploymentPostprocessing = 0;
		};
/* End PBXResourcesBuildPhase section */

/* Begin PBXSourcesBuildPhase section */
		0C160B1120F44308001AEADF /* Sources */ = {
			isa = PBXSourcesBuildPhase;
			buildActionMask = 2147483647;
			files = (
				0C160B2820F4430A001AEADF /* main.m in Sources */,
				0C160B1A20F44308001AEADF /* AppDelegate.m in Sources */,
				0C126B3920F5F03D005E734B /* NoticeViewController.m in Sources */,
				0CF1292F20FC83480044F884 /* GradientImage.m in Sources */,
				0C126B3320F5D384005E734B /* LocationViewController.m in Sources */,
				0C160B3920F45ADB001AEADF /* NetAuthorityViewController.m in Sources */,
				0C160B3020F443A8001AEADF /* TableViewController.m in Sources */,
				0C160B3D20F47F23001AEADF /* PhotoViewController.m in Sources */,
				0C981E1520F5057800E06180 /* CameraAndMicrophoneViewController.m in Sources */,
				0C153FB120F7399900E61475 /* HealthViewController.m in Sources */,
				0C126B3C20F5F568005E734B /* AddressBookViewController.m in Sources */,
				0C153FB420F739B700E61475 /* BluethoothViewController.m in Sources */,
			);
			runOnlyForDeploymentPostprocessing = 0;
		};
/* End PBXSourcesBuildPhase section */

/* Begin PBXVariantGroup section */
		0C160B1E20F44309001AEADF /* Main.storyboard */ = {
			isa = PBXVariantGroup;
			children = (
				0C160B1F20F44309001AEADF /* Base */,
			);
			name = Main.storyboard;
			sourceTree = "<group>";
		};
		0C160B2320F44309001AEADF /* LaunchScreen.storyboard */ = {
			isa = PBXVariantGroup;
			children = (
				0C160B2420F44309001AEADF /* Base */,
			);
			name = LaunchScreen.storyboard;
			sourceTree = "<group>";
		};
/* End PBXVariantGroup section */

/* Begin XCBuildConfiguration section */
		0C160B2920F4430A001AEADF /* Debug */ = {
			isa = XCBuildConfiguration;
			buildSettings = {
				ALWAYS_SEARCH_USER_PATHS = NO;
				CLANG_ANALYZER_NONNULL = YES;
				CLANG_ANALYZER_NUMBER_OBJECT_CONVERSION = YES_AGGRESSIVE;
				CLANG_CXX_LANGUAGE_STANDARD = "gnu++14";
				CLANG_CXX_LIBRARY = "libc++";
				CLANG_ENABLE_MODULES = YES;
				CLANG_ENABLE_OBJC_ARC = YES;
				CLANG_WARN_BLOCK_CAPTURE_AUTORELEASING = YES;
				CLANG_WARN_BOOL_CONVERSION = YES;
				CLANG_WARN_COMMA = YES;
				CLANG_WARN_CONSTANT_CONVERSION = YES;
				CLANG_WARN_DIRECT_OBJC_ISA_USAGE = YES_ERROR;
				CLANG_WARN_DOCUMENTATION_COMMENTS = YES;
				CLANG_WARN_EMPTY_BODY = YES;
				CLANG_WARN_ENUM_CONVERSION = YES;
				CLANG_WARN_INFINITE_RECURSION = YES;
				CLANG_WARN_INT_CONVERSION = YES;
				CLANG_WARN_NON_LITERAL_NULL_CONVERSION = YES;
				CLANG_WARN_OBJC_LITERAL_CONVERSION = YES;
				CLANG_WARN_OBJC_ROOT_CLASS = YES_ERROR;
				CLANG_WARN_RANGE_LOOP_ANALYSIS = YES;
				CLANG_WARN_STRICT_PROTOTYPES = YES;
				CLANG_WARN_SUSPICIOUS_MOVE = YES;
				CLANG_WARN_UNGUARDED_AVAILABILITY = YES_AGGRESSIVE;
				CLANG_WARN_UNREACHABLE_CODE = YES;
				CLANG_WARN__DUPLICATE_METHOD_MATCH = YES;
				CODE_SIGN_IDENTITY = "iPhone Developer";
				COPY_PHASE_STRIP = NO;
				DEBUG_INFORMATION_FORMAT = dwarf;
				ENABLE_STRICT_OBJC_MSGSEND = YES;
				ENABLE_TESTABILITY = YES;
				GCC_C_LANGUAGE_STANDARD = gnu11;
				GCC_DYNAMIC_NO_PIC = NO;
				GCC_NO_COMMON_BLOCKS = YES;
				GCC_OPTIMIZATION_LEVEL = 0;
				GCC_PREPROCESSOR_DEFINITIONS = (
					"DEBUG=1",
					"$(inherited)",
				);
				GCC_WARN_64_TO_32_BIT_CONVERSION = YES;
				GCC_WARN_ABOUT_RETURN_TYPE = YES_ERROR;
				GCC_WARN_UNDECLARED_SELECTOR = YES;
				GCC_WARN_UNINITIALIZED_AUTOS = YES_AGGRESSIVE;
				GCC_WARN_UNUSED_FUNCTION = YES;
				GCC_WARN_UNUSED_VARIABLE = YES;
				IPHONEOS_DEPLOYMENT_TARGET = 11.2;
				MTL_ENABLE_DEBUG_INFO = YES;
				ONLY_ACTIVE_ARCH = YES;
				SDKROOT = iphoneos;
			};
			name = Debug;
		};
		0C160B2A20F4430A001AEADF /* Release */ = {
			isa = XCBuildConfiguration;
			buildSettings = {
				ALWAYS_SEARCH_USER_PATHS = NO;
				CLANG_ANALYZER_NONNULL = YES;
				CLANG_ANALYZER_NUMBER_OBJECT_CONVERSION = YES_AGGRESSIVE;
				CLANG_CXX_LANGUAGE_STANDARD = "gnu++14";
				CLANG_CXX_LIBRARY = "libc++";
				CLANG_ENABLE_MODULES = YES;
				CLANG_ENABLE_OBJC_ARC = YES;
				CLANG_WARN_BLOCK_CAPTURE_AUTORELEASING = YES;
				CLANG_WARN_BOOL_CONVERSION = YES;
				CLANG_WARN_COMMA = YES;
				CLANG_WARN_CONSTANT_CONVERSION = YES;
				CLANG_WARN_DIRECT_OBJC_ISA_USAGE = YES_ERROR;
				CLANG_WARN_DOCUMENTATION_COMMENTS = YES;
				CLANG_WARN_EMPTY_BODY = YES;
				CLANG_WARN_ENUM_CONVERSION = YES;
				CLANG_WARN_INFINITE_RECURSION = YES;
				CLANG_WARN_INT_CONVERSION = YES;
				CLANG_WARN_NON_LITERAL_NULL_CONVERSION = YES;
				CLANG_WARN_OBJC_LITERAL_CONVERSION = YES;
				CLANG_WARN_OBJC_ROOT_CLASS = YES_ERROR;
				CLANG_WARN_RANGE_LOOP_ANALYSIS = YES;
				CLANG_WARN_STRICT_PROTOTYPES = YES;
				CLANG_WARN_SUSPICIOUS_MOVE = YES;
				CLANG_WARN_UNGUARDED_AVAILABILITY = YES_AGGRESSIVE;
				CLANG_WARN_UNREACHABLE_CODE = YES;
				CLANG_WARN__DUPLICATE_METHOD_MATCH = YES;
				CODE_SIGN_IDENTITY = "iPhone Developer";
				COPY_PHASE_STRIP = NO;
				DEBUG_INFORMATION_FORMAT = "dwarf-with-dsym";
				ENABLE_NS_ASSERTIONS = NO;
				ENABLE_STRICT_OBJC_MSGSEND = YES;
				GCC_C_LANGUAGE_STANDARD = gnu11;
				GCC_NO_COMMON_BLOCKS = YES;
				GCC_WARN_64_TO_32_BIT_CONVERSION = YES;
				GCC_WARN_ABOUT_RETURN_TYPE = YES_ERROR;
				GCC_WARN_UNDECLARED_SELECTOR = YES;
				GCC_WARN_UNINITIALIZED_AUTOS = YES_AGGRESSIVE;
				GCC_WARN_UNUSED_FUNCTION = YES;
				GCC_WARN_UNUSED_VARIABLE = YES;
				IPHONEOS_DEPLOYMENT_TARGET = 11.2;
				MTL_ENABLE_DEBUG_INFO = NO;
				SDKROOT = iphoneos;
				VALIDATE_PRODUCT = YES;
			};
			name = Release;
		};
		0C160B2C20F4430A001AEADF /* Debug */ = {
			isa = XCBuildConfiguration;
			buildSettings = {
				ASSETCATALOG_COMPILER_APPICON_NAME = AppIcon;
				"CODE_SIGN_IDENTITY[sdk=iphoneos*]" = "iPhone Distribution";
				CODE_SIGN_STYLE = Manual;
				DEVELOPMENT_TEAM = 65YG889FGF;
				GCC_PREFIX_HEADER = /Users/zhaoyang/Desktop/github/iOSAuthority/iOSAuthority/iOSAuthority/Main/Config.pch;
				INFOPLIST_FILE = "$(SRCROOT)/iOSAuthority/Main/Info.plist";
				IPHONEOS_DEPLOYMENT_TARGET = 8.0;
				LD_RUNPATH_SEARCH_PATHS = "$(inherited) @executable_path/Frameworks";
				OTHER_CFLAGS = (
					"-mllvm",
					"-chenxify-control-flow",
					"-mllvm",
					"-chenxify-control-flow-probability=10",
					"-mllvm",
					"-falsify-control-flow",
					"-mllvm",
					"-falsify-control-flow-percentage=10",
					"-mllvm",
					"-falsify-control-flow-probability=10",
					"-mllvm",
					"-encrypt-constant-string",
					"-mllvm",
					"-encrypt-constant-string-probability=30",
					"-mllvm",
					"-virtualize-basic-block",
					"-mllvm",
					"-virtualize-basic-block-probability=10",
				);
				PRODUCT_BUNDLE_IDENTIFIER = com.yitong.maidanba;
				PRODUCT_NAME = "$(TARGET_NAME)";
				PROVISIONING_PROFILE = "ea7ea0e7-a833-40d3-93ee-c47e1cad4a04";
				PROVISIONING_PROFILE_SPECIFIER = YTEnterpriseDist2018;
				TARGETED_DEVICE_FAMILY = "1,2";
			};
			name = Debug;
		};
		0C160B2D20F4430A001AEADF /* Release */ = {
			isa = XCBuildConfiguration;
			buildSettings = {
				ASSETCATALOG_COMPILER_APPICON_NAME = AppIcon;
				"CODE_SIGN_IDENTITY[sdk=iphoneos*]" = "iPhone Distribution";
				CODE_SIGN_STYLE = Manual;
				DEVELOPMENT_TEAM = 65YG889FGF;
				GCC_PREFIX_HEADER = /Users/zhaoyang/Desktop/github/iOSAuthority/iOSAuthority/iOSAuthority/Main/Config.pch;
				INFOPLIST_FILE = "$(SRCROOT)/iOSAuthority/Main/Info.plist";
				IPHONEOS_DEPLOYMENT_TARGET = 8.0;
				LD_RUNPATH_SEARCH_PATHS = "$(inherited) @executable_path/Frameworks";
				OTHER_CFLAGS = (
					"-mllvm",
					"-chenxify-control-flow",
					"-mllvm",
					"-chenxify-control-flow-probability=10",
					"-mllvm",
					"-falsify-control-flow",
					"-mllvm",
					"-falsify-control-flow-percentage=10",
					"-mllvm",
					"-falsify-control-flow-probability=10",
					"-mllvm",
					"-encrypt-constant-string",
					"-mllvm",
					"-encrypt-constant-string-probability=30",
					"-mllvm",
					"-virtualize-basic-block",
					"-mllvm",
					"-virtualize-basic-block-probability=10",
				);
				PRODUCT_BUNDLE_IDENTIFIER = com.yitong.maidanba;
				PRODUCT_NAME = "$(TARGET_NAME)";
				PROVISIONING_PROFILE = "ea7ea0e7-a833-40d3-93ee-c47e1cad4a04";
				PROVISIONING_PROFILE_SPECIFIER = YTEnterpriseDist2018;
				TARGETED_DEVICE_FAMILY = "1,2";
			};
			name = Release;
		};
/* End XCBuildConfiguration section */

/* Begin XCConfigurationList section */
		0C160B1020F44308001AEADF /* Build configuration list for PBXProject "iOSAuthority" */ = {
			isa = XCConfigurationList;
			buildConfigurations = (
				0C160B2920F4430A001AEADF /* Debug */,
				0C160B2A20F4430A001AEADF /* Release */,
			);
			defaultConfigurationIsVisible = 0;
			defaultConfigurationName = Release;
		};
		0C160B2B20F4430A001AEADF /* Build configuration list for PBXNativeTarget "iOSAuthority" */ = {
			isa = XCConfigurationList;
			buildConfigurations = (
				0C160B2C20F4430A001AEADF /* Debug */,
				0C160B2D20F4430A001AEADF /* Release */,
			);
			defaultConfigurationIsVisible = 0;
			defaultConfigurationName = Release;
		};
/* End XCConfigurationList section */
	};
	rootObject = 0C160B0D20F44308001AEADF /* Project object */;
}
